train_cpu:
  cmd: python -m spacy run train_cpu
  script:
    - python -m spacy train configs/rel_tok2vec.cfg --output training --paths.train
      data/train.spacy --paths.dev data/dev.spacy -c ./scripts/custom_functions.py
  deps:
    - path: data/train.spacy
      md5: f53bc7201700344240eee3a13df5bed7
    - path: data/dev.spacy
      md5: 79f4340f2d8adddc4a5ef612fcb56569
  outs:
    - path: training/model-best
      md5: 8c03d8ce9bad6d0886e321681217a0c3
  spacy_version: 3.2.0
  spacy_git_version: 0fc3dee77
evaluate:
  cmd: python -m spacy run evaluate
  script:
    - python ./scripts/evaluate.py training/model-best data/test.spacy False
  deps:
    - path: training/model-best
      md5: 8c03d8ce9bad6d0886e321681217a0c3
    - path: data/test.spacy
      md5: 29cd56783c17517ddfa989c7e24c746c
  outs: []
  spacy_version: 3.2.0
  spacy_git_version: 0fc3dee77
