train_cpu:
  cmd: python -m spacy run train_cpu
  script:
    - python -m spacy train configs/rel_tok2vec.cfg --output training --paths.train
      data/train.spacy --paths.dev data/dev.spacy -c ./scripts/custom_functions.py
  deps:
    - path: data/train.spacy
      md5: 9d576806ac8ae143502a7dfde4ea90cb
    - path: data/dev.spacy
      md5: cb4a4f453b9bc993575b4b6905d83fe7
  outs:
    - path: training/model-best
      md5: 9890e2f69c7136820cb8c1cf274fc4b5
  spacy_version: 3.2.0
  spacy_git_version: 0fc3dee77
evaluate:
  cmd: python -m spacy run evaluate
  script:
    - python ./scripts/evaluate.py training/model-best data/test.spacy False
  deps:
    - path: training/model-best
      md5: 9890e2f69c7136820cb8c1cf274fc4b5
    - path: data/test.spacy
      md5: 8dcd31887358e1d2d1e0ed2ea2f71341
  outs: []
  spacy_version: 3.2.0
  spacy_git_version: 0fc3dee77
data:
  cmd: python -m spacy run data
  script:
    - python ./scripts/parse_data.py assets/SDC_training_dict.json data/train.spacy
      data/dev.spacy data/test.spacy
  deps:
    - path: assets/SDC_training_dict.json
      md5: ce7da7be3b5b905fbde537800c83b4c2
  outs:
    - path: data/train.spacy
      md5: f8a5d931baca0361bcb2e4ee70cf2c82
    - path: data/dev.spacy
      md5: e3185406a8b626e2ef901fde86be86ed
    - path: data/test.spacy
      md5: b32a1aa122e3c376490b3fd4500674bc
  spacy_version: 3.2.0
  spacy_git_version: 0fc3dee77
